dependencies:
- name: helm-product
  repository: oci://ghcr.io/onecx/charts
  version: 0.2.0
- name: onecx-tenant-svc
  repository: oci://ghcr.io/onecx/charts
  version: 0.0.0-rc.57
- name: onecx-tenant-bff
  repository: oci://ghcr.io/onecx/charts
  version: 0.0.0-rc.33
- name: onecx-tenant-ui
  repository: oci://ghcr.io/onecx/charts
  version: 0.0.0-rc.41
digest: sha256:2060e1cca44c0571c4dcfddbe5550265538feb213fab782c3385886678bb8ea8
generated: "2024-09-13T14:36:12.088873919Z"
