dependencies:
- name: helm-product
  repository: oci://ghcr.io/onecx/charts
  version: 0.4.0
- name: onecx-tenant-svc
  repository: oci://ghcr.io/onecx/charts
  version: 1.11.0-rc.13
- name: onecx-tenant-bff
  repository: oci://ghcr.io/onecx/charts
  version: 1.10.0-rc.13
- name: onecx-tenant-ui
  repository: oci://ghcr.io/onecx/charts
  version: 1.8.0-rc.24
digest: sha256:c03ea2250001f8533f3b7ad00f2eca09496ed530790848f4eb16d133b91d90ec
generated: "2026-08-17T09:36:41.120450003Z"
