dependencies:
- name: helm-product
  repository: oci://ghcr.io/onecx/charts
  version: 0.2.0
- name: onecx-tenant-svc
  repository: oci://ghcr.io/onecx/charts
  version: 0.0.0-rc.52
- name: onecx-tenant-bff
  repository: oci://ghcr.io/onecx/charts
  version: 0.0.0-rc.27
- name: onecx-tenant-ui
  repository: oci://ghcr.io/onecx/charts
  version: 0.0.0-rc.31
digest: sha256:4824766302788097800cc1d091d8c6dabfdfacb274604727d4af25cf355232ee
generated: "2024-08-12T11:51:55.443530261Z"
